
Microsoft Visual Studio Solution File, Format Version 12.00
# Visual Studio Version 17
VisualStudioVersion = 17.0.32112.339
MinimumVisualStudioVersion = 10.0.40219.1
Project("{9A19103F-16F7-4668-BE54-9A1E7A4F7556}") = "Sushi.MailTemplate", "Sushi.MailTemplate\Sushi.MailTemplate.csproj", "{D3FE73A9-EE3A-418F-BAC3-538491531A2B}"
EndProject
Project("{9A19103F-16F7-4668-BE54-9A1E7A4F7556}") = "Sushi.MailTemplate.SendGrid", "Sushi.MailTemplate.SendGrid\Sushi.MailTemplate.SendGrid.csproj", "{5064271F-424F-4EDE-9BAD-C2FB232DC861}"
EndProject
Project("{9A19103F-16F7-4668-BE54-9A1E7A4F7556}") = "Sushi.MailTemplate.MediaKiwi.UI", "Sushi.MailTemplate.MediaKiwi.UI\Sushi.MailTemplate.MediaKiwi.UI.csproj", "{69DBFF07-893E-49E1-B128-A23FB2BFA0B8}"
EndProject
Project("{9A19103F-16F7-4668-BE54-9A1E7A4F7556}") = "Sushi.MailTemplate.MediaKiwi.Portal", "Sushi.MailTemplate.MediaKiwi.Portal\Sushi.MailTemplate.MediaKiwi.Portal.csproj", "{58F39DF7-20B2-4658-B326-D2425686AAE9}"
EndProject
Project("{9A19103F-16F7-4668-BE54-9A1E7A4F7556}") = "Sushi.MailTemplate.Tests", "Sushi.MailTemplate.Tests\Sushi.MailTemplate.Tests.csproj", "{F8204D76-874A-466E-A530-1896E46020B7}"
EndProject
Global
	GlobalSection(SolutionConfigurationPlatforms) = preSolution
		Debug|Any CPU = Debug|Any CPU
		Release|Any CPU = Release|Any CPU
	EndGlobalSection
	GlobalSection(ProjectConfigurationPlatforms) = postSolution
		{D3FE73A9-EE3A-418F-BAC3-538491531A2B}.Debug|Any CPU.ActiveCfg = Debug|Any CPU
		{D3FE73A9-EE3A-418F-BAC3-538491531A2B}.Debug|Any CPU.Build.0 = Debug|Any CPU
		{D3FE73A9-EE3A-418F-BAC3-538491531A2B}.Release|Any CPU.ActiveCfg = Release|Any CPU
		{D3FE73A9-EE3A-418F-BAC3-538491531A2B}.Release|Any CPU.Build.0 = Release|Any CPU
		{5064271F-424F-4EDE-9BAD-C2FB232DC861}.Debug|Any CPU.ActiveCfg = Debug|Any CPU
		{5064271F-424F-4EDE-9BAD-C2FB232DC861}.Debug|Any CPU.Build.0 = Debug|Any CPU
		{5064271F-424F-4EDE-9BAD-C2FB232DC861}.Release|Any CPU.ActiveCfg = Release|Any CPU
		{5064271F-424F-4EDE-9BAD-C2FB232DC861}.Release|Any CPU.Build.0 = Release|Any CPU
		{69DBFF07-893E-49E1-B128-A23FB2BFA0B8}.Debug|Any CPU.ActiveCfg = Debug|Any CPU
		{69DBFF07-893E-49E1-B128-A23FB2BFA0B8}.Debug|Any CPU.Build.0 = Debug|Any CPU
		{69DBFF07-893E-49E1-B128-A23FB2BFA0B8}.Release|Any CPU.ActiveCfg = Release|Any CPU
		{69DBFF07-893E-49E1-B128-A23FB2BFA0B8}.Release|Any CPU.Build.0 = Release|Any CPU
		{58F39DF7-20B2-4658-B326-D2425686AAE9}.Debug|Any CPU.ActiveCfg = Debug|Any CPU
		{58F39DF7-20B2-4658-B326-D2425686AAE9}.Debug|Any CPU.Build.0 = Debug|Any CPU
		{58F39DF7-20B2-4658-B326-D2425686AAE9}.Release|Any CPU.ActiveCfg = Release|Any CPU
		{58F39DF7-20B2-4658-B326-D2425686AAE9}.Release|Any CPU.Build.0 = Release|Any CPU
		{F8204D76-874A-466E-A530-1896E46020B7}.Debug|Any CPU.ActiveCfg = Debug|Any CPU
		{F8204D76-874A-466E-A530-1896E46020B7}.Debug|Any CPU.Build.0 = Debug|Any CPU
		{F8204D76-874A-466E-A530-1896E46020B7}.Release|Any CPU.ActiveCfg = Release|Any CPU
		{F8204D76-874A-466E-A530-1896E46020B7}.Release|Any CPU.Build.0 = Release|Any CPU
	EndGlobalSection
	GlobalSection(SolutionProperties) = preSolution
		HideSolutionNode = FALSE
	EndGlobalSection
	GlobalSection(ExtensibilityGlobals) = postSolution
		SolutionGuid = {0FFBBAF3-05D7-44F6-98B8-2055A0257E0C}
	EndGlobalSection
EndGlobal
