
Microsoft Visual Studio Solution File, Format Version 12.00
# Visual Studio Version 16
VisualStudioVersion = 16.0.30907.101
MinimumVisualStudioVersion = 10.0.40219.1
Project("{FAE04EC0-301F-11D3-BF4B-00C04F79EFBC}") = "Wim.Module.MailTemplate.Test", "Wim.Module.MailTemplate.Test\Wim.Module.MailTemplate.Test.csproj", "{F5CFA48E-CD83-4C47-BD62-509109613F70}"
EndProject
Project("{FAE04EC0-301F-11D3-BF4B-00C04F79EFBC}") = "Wim.Module.MailTemplate.UI", "Wim.Module.MailTemplate.UI\Wim.Module.MailTemplate.UI.csproj", "{BC39BD92-6B65-4594-AF23-340399032C6D}"
EndProject
Project("{9A19103F-16F7-4668-BE54-9A1E7A4F7556}") = "Wim.Module.MailTemplate", "Wim.Module.MailTemplate\Wim.Module.MailTemplate.csproj", "{8A689E37-0523-4BB7-83F8-13BCCC24BE5D}"
EndProject
Project("{9A19103F-16F7-4668-BE54-9A1E7A4F7556}") = "Wim.Module.MailTemplate.SendGrid", "Wim.Module.MailTemplate.SendGrid\Wim.Module.MailTemplate.SendGrid.csproj", "{B149DE52-3559-4BAA-BBC9-9296276D821E}"
EndProject
Project("{FAE04EC0-301F-11D3-BF4B-00C04F79EFBC}") = "Wim.Module.MailTemplate.Portal", "Wim.Module.MailTemplate.Portal\Wim.Module.MailTemplate.Portal.csproj", "{A6538971-7F28-46EE-A3F2-3105A4B56533}"
EndProject
Global
	GlobalSection(SolutionConfigurationPlatforms) = preSolution
		Acc|Any CPU = Acc|Any CPU
		Debug|Any CPU = Debug|Any CPU
		Local|Any CPU = Local|Any CPU
		Prod|Any CPU = Prod|Any CPU
		Release|Any CPU = Release|Any CPU
		Test|Any CPU = Test|Any CPU
	EndGlobalSection
	GlobalSection(ProjectConfigurationPlatforms) = postSolution
		{F5CFA48E-CD83-4C47-BD62-509109613F70}.Acc|Any CPU.ActiveCfg = Release|Any CPU
		{F5CFA48E-CD83-4C47-BD62-509109613F70}.Acc|Any CPU.Build.0 = Release|Any CPU
		{F5CFA48E-CD83-4C47-BD62-509109613F70}.Debug|Any CPU.ActiveCfg = Debug|Any CPU
		{F5CFA48E-CD83-4C47-BD62-509109613F70}.Debug|Any CPU.Build.0 = Debug|Any CPU
		{F5CFA48E-CD83-4C47-BD62-509109613F70}.Local|Any CPU.ActiveCfg = Release|Any CPU
		{F5CFA48E-CD83-4C47-BD62-509109613F70}.Local|Any CPU.Build.0 = Release|Any CPU
		{F5CFA48E-CD83-4C47-BD62-509109613F70}.Prod|Any CPU.ActiveCfg = Release|Any CPU
		{F5CFA48E-CD83-4C47-BD62-509109613F70}.Prod|Any CPU.Build.0 = Release|Any CPU
		{F5CFA48E-CD83-4C47-BD62-509109613F70}.Release|Any CPU.ActiveCfg = Release|Any CPU
		{F5CFA48E-CD83-4C47-BD62-509109613F70}.Release|Any CPU.Build.0 = Release|Any CPU
		{F5CFA48E-CD83-4C47-BD62-509109613F70}.Test|Any CPU.ActiveCfg = Release|Any CPU
		{F5CFA48E-CD83-4C47-BD62-509109613F70}.Test|Any CPU.Build.0 = Release|Any CPU
		{BC39BD92-6B65-4594-AF23-340399032C6D}.Acc|Any CPU.ActiveCfg = Release|Any CPU
		{BC39BD92-6B65-4594-AF23-340399032C6D}.Acc|Any CPU.Build.0 = Release|Any CPU
		{BC39BD92-6B65-4594-AF23-340399032C6D}.Debug|Any CPU.ActiveCfg = Debug|Any CPU
		{BC39BD92-6B65-4594-AF23-340399032C6D}.Debug|Any CPU.Build.0 = Debug|Any CPU
		{BC39BD92-6B65-4594-AF23-340399032C6D}.Local|Any CPU.ActiveCfg = Release|Any CPU
		{BC39BD92-6B65-4594-AF23-340399032C6D}.Local|Any CPU.Build.0 = Release|Any CPU
		{BC39BD92-6B65-4594-AF23-340399032C6D}.Prod|Any CPU.ActiveCfg = Release|Any CPU
		{BC39BD92-6B65-4594-AF23-340399032C6D}.Prod|Any CPU.Build.0 = Release|Any CPU
		{BC39BD92-6B65-4594-AF23-340399032C6D}.Release|Any CPU.ActiveCfg = Release|Any CPU
		{BC39BD92-6B65-4594-AF23-340399032C6D}.Release|Any CPU.Build.0 = Release|Any CPU
		{BC39BD92-6B65-4594-AF23-340399032C6D}.Test|Any CPU.ActiveCfg = Release|Any CPU
		{BC39BD92-6B65-4594-AF23-340399032C6D}.Test|Any CPU.Build.0 = Release|Any CPU
		{8A689E37-0523-4BB7-83F8-13BCCC24BE5D}.Acc|Any CPU.ActiveCfg = Debug|Any CPU
		{8A689E37-0523-4BB7-83F8-13BCCC24BE5D}.Acc|Any CPU.Build.0 = Debug|Any CPU
		{8A689E37-0523-4BB7-83F8-13BCCC24BE5D}.Debug|Any CPU.ActiveCfg = Debug|Any CPU
		{8A689E37-0523-4BB7-83F8-13BCCC24BE5D}.Debug|Any CPU.Build.0 = Debug|Any CPU
		{8A689E37-0523-4BB7-83F8-13BCCC24BE5D}.Local|Any CPU.ActiveCfg = Debug|Any CPU
		{8A689E37-0523-4BB7-83F8-13BCCC24BE5D}.Local|Any CPU.Build.0 = Debug|Any CPU
		{8A689E37-0523-4BB7-83F8-13BCCC24BE5D}.Prod|Any CPU.ActiveCfg = Debug|Any CPU
		{8A689E37-0523-4BB7-83F8-13BCCC24BE5D}.Prod|Any CPU.Build.0 = Debug|Any CPU
		{8A689E37-0523-4BB7-83F8-13BCCC24BE5D}.Release|Any CPU.ActiveCfg = Release|Any CPU
		{8A689E37-0523-4BB7-83F8-13BCCC24BE5D}.Release|Any CPU.Build.0 = Release|Any CPU
		{8A689E37-0523-4BB7-83F8-13BCCC24BE5D}.Test|Any CPU.ActiveCfg = Debug|Any CPU
		{8A689E37-0523-4BB7-83F8-13BCCC24BE5D}.Test|Any CPU.Build.0 = Debug|Any CPU
		{B149DE52-3559-4BAA-BBC9-9296276D821E}.Acc|Any CPU.ActiveCfg = Debug|Any CPU
		{B149DE52-3559-4BAA-BBC9-9296276D821E}.Acc|Any CPU.Build.0 = Debug|Any CPU
		{B149DE52-3559-4BAA-BBC9-9296276D821E}.Debug|Any CPU.ActiveCfg = Debug|Any CPU
		{B149DE52-3559-4BAA-BBC9-9296276D821E}.Debug|Any CPU.Build.0 = Debug|Any CPU
		{B149DE52-3559-4BAA-BBC9-9296276D821E}.Local|Any CPU.ActiveCfg = Debug|Any CPU
		{B149DE52-3559-4BAA-BBC9-9296276D821E}.Local|Any CPU.Build.0 = Debug|Any CPU
		{B149DE52-3559-4BAA-BBC9-9296276D821E}.Prod|Any CPU.ActiveCfg = Debug|Any CPU
		{B149DE52-3559-4BAA-BBC9-9296276D821E}.Prod|Any CPU.Build.0 = Debug|Any CPU
		{B149DE52-3559-4BAA-BBC9-9296276D821E}.Release|Any CPU.ActiveCfg = Release|Any CPU
		{B149DE52-3559-4BAA-BBC9-9296276D821E}.Release|Any CPU.Build.0 = Release|Any CPU
		{B149DE52-3559-4BAA-BBC9-9296276D821E}.Test|Any CPU.ActiveCfg = Debug|Any CPU
		{B149DE52-3559-4BAA-BBC9-9296276D821E}.Test|Any CPU.Build.0 = Debug|Any CPU
		{A6538971-7F28-46EE-A3F2-3105A4B56533}.Acc|Any CPU.ActiveCfg = Release|Any CPU
		{A6538971-7F28-46EE-A3F2-3105A4B56533}.Acc|Any CPU.Build.0 = Release|Any CPU
		{A6538971-7F28-46EE-A3F2-3105A4B56533}.Debug|Any CPU.ActiveCfg = Debug|Any CPU
		{A6538971-7F28-46EE-A3F2-3105A4B56533}.Debug|Any CPU.Build.0 = Debug|Any CPU
		{A6538971-7F28-46EE-A3F2-3105A4B56533}.Local|Any CPU.ActiveCfg = Release|Any CPU
		{A6538971-7F28-46EE-A3F2-3105A4B56533}.Local|Any CPU.Build.0 = Release|Any CPU
		{A6538971-7F28-46EE-A3F2-3105A4B56533}.Prod|Any CPU.ActiveCfg = Release|Any CPU
		{A6538971-7F28-46EE-A3F2-3105A4B56533}.Prod|Any CPU.Build.0 = Release|Any CPU
		{A6538971-7F28-46EE-A3F2-3105A4B56533}.Release|Any CPU.ActiveCfg = Release|Any CPU
		{A6538971-7F28-46EE-A3F2-3105A4B56533}.Release|Any CPU.Build.0 = Release|Any CPU
		{A6538971-7F28-46EE-A3F2-3105A4B56533}.Test|Any CPU.ActiveCfg = Release|Any CPU
		{A6538971-7F28-46EE-A3F2-3105A4B56533}.Test|Any CPU.Build.0 = Release|Any CPU
	EndGlobalSection
	GlobalSection(SolutionProperties) = preSolution
		HideSolutionNode = FALSE
	EndGlobalSection
	GlobalSection(ExtensibilityGlobals) = postSolution
		SolutionGuid = {0FFBBAF3-05D7-44F6-98B8-2055A0257E0C}
	EndGlobalSection
	GlobalSection(TeamFoundationVersionControl) = preSolution
		SccNumberOfProjects = 6
		SccEnterpriseProvider = {4CA58AB2-18FA-4F8D-95D4-32DDF27D184C}
		SccTeamFoundationServer = https://dev.azure.com/supershift
		SccLocalPath0 = .
		SccProjectUniqueName1 = Wim.Module.MailTemplate.SendGrid\\Wim.Module.MailTemplate.SendGrid.csproj
		SccProjectName1 = Wim.Module.MailTemplate.SendGrid
		SccLocalPath1 = Wim.Module.MailTemplate.SendGrid
		SccProjectUniqueName2 = Wim.Module.MailTemplate.Test\\Wim.Module.MailTemplate.Test.csproj
		SccProjectName2 = Wim.Module.MailTemplate.Test
		SccLocalPath2 = Wim.Module.MailTemplate.Test
		SccProjectUniqueName3 = Wim.Module.MailTemplate.UI\\Wim.Module.MailTemplate.UI.csproj
		SccProjectName3 = Wim.Module.MailTemplate.UI
		SccLocalPath3 = Wim.Module.MailTemplate.UI
		SccProjectUniqueName4 = Wim.Module.MailTemplate\\Wim.Module.MailTemplate.csproj
		SccProjectName4 = Wim.Module.MailTemplate
		SccLocalPath4 = Wim.Module.MailTemplate
		SccProjectUniqueName5 = Wim.Module.MailTemplate.Portal\\Wim.Module.MailTemplate.Portal.csproj
		SccProjectName5 = Wim.Module.MailTemplate.Portal
		SccLocalPath5 = Wim.Module.MailTemplate.Portal
	EndGlobalSection
EndGlobal
